
Microsoft Visual Studio Solution File, Format Version 12.00
# Visual Studio Version 16
VisualStudioVersion = 16.0.30114.105
MinimumVisualStudioVersion = 10.0.40219.1
Project("{FAE04EC0-301F-11D3-BF4B-00C04F79EFBC}") = "API", "API\API.csproj", "{4290F0F2-91BA-4480-9F11-B34EC48EA003}"
EndProject
Project("{FAE04EC0-301F-11D3-BF4B-00C04F79EFBC}") = "Application", "Application\Application.csproj", "{A4FC399C-3216-4C6E-BBE7-781716E14346}"
EndProject
Project("{FAE04EC0-301F-11D3-BF4B-00C04F79EFBC}") = "Persistence", "Persistence\Persistence.csproj", "{8BD3DB16-AFEC-4711-BEAC-8B6CEAAA13F2}"
EndProject
Project("{FAE04EC0-301F-11D3-BF4B-00C04F79EFBC}") = "Domain", "Domain\Domain.csproj", "{CB9EB80D-704C-4A48-A8CF-0806A79C447B}"
EndProject
Global
	GlobalSection(SolutionConfigurationPlatforms) = preSolution
		Debug|Any CPU = Debug|Any CPU
		Release|Any CPU = Release|Any CPU
	EndGlobalSection
	GlobalSection(SolutionProperties) = preSolution
		HideSolutionNode = FALSE
	EndGlobalSection
	GlobalSection(ProjectConfigurationPlatforms) = postSolution
		{4290F0F2-91BA-4480-9F11-B34EC48EA003}.Debug|Any CPU.ActiveCfg = Debug|Any CPU
		{4290F0F2-91BA-4480-9F11-B34EC48EA003}.Debug|Any CPU.Build.0 = Debug|Any CPU
		{4290F0F2-91BA-4480-9F11-B34EC48EA003}.Release|Any CPU.ActiveCfg = Release|Any CPU
		{4290F0F2-91BA-4480-9F11-B34EC48EA003}.Release|Any CPU.Build.0 = Release|Any CPU
		{A4FC399C-3216-4C6E-BBE7-781716E14346}.Debug|Any CPU.ActiveCfg = Debug|Any CPU
		{A4FC399C-3216-4C6E-BBE7-781716E14346}.Debug|Any CPU.Build.0 = Debug|Any CPU
		{A4FC399C-3216-4C6E-BBE7-781716E14346}.Release|Any CPU.ActiveCfg = Release|Any CPU
		{A4FC399C-3216-4C6E-BBE7-781716E14346}.Release|Any CPU.Build.0 = Release|Any CPU
		{8BD3DB16-AFEC-4711-BEAC-8B6CEAAA13F2}.Debug|Any CPU.ActiveCfg = Debug|Any CPU
		{8BD3DB16-AFEC-4711-BEAC-8B6CEAAA13F2}.Debug|Any CPU.Build.0 = Debug|Any CPU
		{8BD3DB16-AFEC-4711-BEAC-8B6CEAAA13F2}.Release|Any CPU.ActiveCfg = Release|Any CPU
		{8BD3DB16-AFEC-4711-BEAC-8B6CEAAA13F2}.Release|Any CPU.Build.0 = Release|Any CPU
		{CB9EB80D-704C-4A48-A8CF-0806A79C447B}.Debug|Any CPU.ActiveCfg = Debug|Any CPU
		{CB9EB80D-704C-4A48-A8CF-0806A79C447B}.Debug|Any CPU.Build.0 = Debug|Any CPU
		{CB9EB80D-704C-4A48-A8CF-0806A79C447B}.Release|Any CPU.ActiveCfg = Release|Any CPU
		{CB9EB80D-704C-4A48-A8CF-0806A79C447B}.Release|Any CPU.Build.0 = Release|Any CPU
	EndGlobalSection
EndGlobal
